// !$*UTF8*$!
{
	archiveVersion = 1;
	classes = {
	};
	objectVersion = 48;
	objects = {

/* Begin PBXBuildFile section */
		0AE87111E9B15EBEBD27E918 /* Pods_CI2Go.framework in Frameworks */ = {isa = PBXBuildFile; fileRef = FE4D0FE49E47DF96D9743853 /* Pods_CI2Go.framework */; };
		70FCAC8244150466D601AE44 /* Pods_CI2GoUITests.framework in Frameworks */ = {isa = PBXBuildFile; fileRef = 8CEED48C2511BC947DFE21EC /* Pods_CI2GoUITests.framework */; };
		85A155181FBB5AAE0046ADD4 /* AppDelegate.swift in Sources */ = {isa = PBXBuildFile; fileRef = 85A155171FBB5AAE0046ADD4 /* AppDelegate.swift */; };
		85A1551A1FBB5AAE0046ADD4 /* ViewController.swift in Sources */ = {isa = PBXBuildFile; fileRef = 85A155191FBB5AAE0046ADD4 /* ViewController.swift */; };
		85A1551D1FBB5AAE0046ADD4 /* Main.storyboard in Resources */ = {isa = PBXBuildFile; fileRef = 85A1551B1FBB5AAE0046ADD4 /* Main.storyboard */; };
		85A155201FBB5AAE0046ADD4 /* CI2Go.xcdatamodeld in Sources */ = {isa = PBXBuildFile; fileRef = 85A1551E1FBB5AAE0046ADD4 /* CI2Go.xcdatamodeld */; };
		85A155221FBB5AAE0046ADD4 /* Assets.xcassets in Resources */ = {isa = PBXBuildFile; fileRef = 85A155211FBB5AAE0046ADD4 /* Assets.xcassets */; };
		85A155251FBB5AAE0046ADD4 /* LaunchScreen.storyboard in Resources */ = {isa = PBXBuildFile; fileRef = 85A155231FBB5AAE0046ADD4 /* LaunchScreen.storyboard */; };
		85A155301FBB5AAE0046ADD4 /* CI2GoTests.swift in Sources */ = {isa = PBXBuildFile; fileRef = 85A1552F1FBB5AAE0046ADD4 /* CI2GoTests.swift */; };
		85A1553B1FBB5AAE0046ADD4 /* CI2GoUITests.swift in Sources */ = {isa = PBXBuildFile; fileRef = 85A1553A1FBB5AAE0046ADD4 /* CI2GoUITests.swift */; };
		C2C161B3E1D646156B45BB38 /* Pods_CI2GoTests.framework in Frameworks */ = {isa = PBXBuildFile; fileRef = 7B01AFBD788E84D2ACA15F6A /* Pods_CI2GoTests.framework */; };
/* End PBXBuildFile section */

/* Begin PBXContainerItemProxy section */
		85A1552C1FBB5AAE0046ADD4 /* PBXContainerItemProxy */ = {
			isa = PBXContainerItemProxy;
			containerPortal = 85A1550C1FBB5AAE0046ADD4 /* Project object */;
			proxyType = 1;
			remoteGlobalIDString = 85A155131FBB5AAE0046ADD4;
			remoteInfo = CI2Go;
		};
		85A155371FBB5AAE0046ADD4 /* PBXContainerItemProxy */ = {
			isa = PBXContainerItemProxy;
			containerPortal = 85A1550C1FBB5AAE0046ADD4 /* Project object */;
			proxyType = 1;
			remoteGlobalIDString = 85A155131FBB5AAE0046ADD4;
			remoteInfo = CI2Go;
		};
/* End PBXContainerItemProxy section */

/* Begin PBXFileReference section */
		2491571BF5B3BF7CB6C9005C /* Pods-CI2Go.debug.xcconfig */ = {isa = PBXFileReference; includeInIndex = 1; lastKnownFileType = text.xcconfig; name = "Pods-CI2Go.debug.xcconfig"; path = "Pods/Target Support Files/Pods-CI2Go/Pods-CI2Go.debug.xcconfig"; sourceTree = "<group>"; };
		56DE9DFF1DCCB6AC13ADD849 /* Pods-CI2Go.release.xcconfig */ = {isa = PBXFileReference; includeInIndex = 1; lastKnownFileType = text.xcconfig; name = "Pods-CI2Go.release.xcconfig"; path = "Pods/Target Support Files/Pods-CI2Go/Pods-CI2Go.release.xcconfig"; sourceTree = "<group>"; };
		753B115F1CF21E70CE3BD945 /* Pods-CI2GoUITests.release.xcconfig */ = {isa = PBXFileReference; includeInIndex = 1; lastKnownFileType = text.xcconfig; name = "Pods-CI2GoUITests.release.xcconfig"; path = "Pods/Target Support Files/Pods-CI2GoUITests/Pods-CI2GoUITests.release.xcconfig"; sourceTree = "<group>"; };
		7B01AFBD788E84D2ACA15F6A /* Pods_CI2GoTests.framework */ = {isa = PBXFileReference; explicitFileType = wrapper.framework; includeInIndex = 0; path = Pods_CI2GoTests.framework; sourceTree = BUILT_PRODUCTS_DIR; };
		85A155141FBB5AAE0046ADD4 /* CI2Go.app */ = {isa = PBXFileReference; explicitFileType = wrapper.application; includeInIndex = 0; path = CI2Go.app; sourceTree = BUILT_PRODUCTS_DIR; };
		85A155171FBB5AAE0046ADD4 /* AppDelegate.swift */ = {isa = PBXFileReference; lastKnownFileType = sourcecode.swift; path = AppDelegate.swift; sourceTree = "<group>"; };
		85A155191FBB5AAE0046ADD4 /* ViewController.swift */ = {isa = PBXFileReference; lastKnownFileType = sourcecode.swift; path = ViewController.swift; sourceTree = "<group>"; };
		85A1551C1FBB5AAE0046ADD4 /* Base */ = {isa = PBXFileReference; lastKnownFileType = file.storyboard; name = Base; path = Base.lproj/Main.storyboard; sourceTree = "<group>"; };
		85A1551F1FBB5AAE0046ADD4 /* CI2Go.xcdatamodel */ = {isa = PBXFileReference; lastKnownFileType = wrapper.xcdatamodel; path = CI2Go.xcdatamodel; sourceTree = "<group>"; };
		85A155211FBB5AAE0046ADD4 /* Assets.xcassets */ = {isa = PBXFileReference; lastKnownFileType = folder.assetcatalog; path = Assets.xcassets; sourceTree = "<group>"; };
		85A155241FBB5AAE0046ADD4 /* Base */ = {isa = PBXFileReference; lastKnownFileType = file.storyboard; name = Base; path = Base.lproj/LaunchScreen.storyboard; sourceTree = "<group>"; };
		85A155261FBB5AAE0046ADD4 /* Info.plist */ = {isa = PBXFileReference; lastKnownFileType = text.plist.xml; path = Info.plist; sourceTree = "<group>"; };
		85A1552B1FBB5AAE0046ADD4 /* CI2GoTests.xctest */ = {isa = PBXFileReference; explicitFileType = wrapper.cfbundle; includeInIndex = 0; path = CI2GoTests.xctest; sourceTree = BUILT_PRODUCTS_DIR; };
		85A1552F1FBB5AAE0046ADD4 /* CI2GoTests.swift */ = {isa = PBXFileReference; lastKnownFileType = sourcecode.swift; path = CI2GoTests.swift; sourceTree = "<group>"; };
		85A155311FBB5AAE0046ADD4 /* Info.plist */ = {isa = PBXFileReference; lastKnownFileType = text.plist.xml; path = Info.plist; sourceTree = "<group>"; };
		85A155361FBB5AAE0046ADD4 /* CI2GoUITests.xctest */ = {isa = PBXFileReference; explicitFileType = wrapper.cfbundle; includeInIndex = 0; path = CI2GoUITests.xctest; sourceTree = BUILT_PRODUCTS_DIR; };
		85A1553A1FBB5AAE0046ADD4 /* CI2GoUITests.swift */ = {isa = PBXFileReference; lastKnownFileType = sourcecode.swift; path = CI2GoUITests.swift; sourceTree = "<group>"; };
		85A1553C1FBB5AAE0046ADD4 /* Info.plist */ = {isa = PBXFileReference; lastKnownFileType = text.plist.xml; path = Info.plist; sourceTree = "<group>"; };
		8CEED48C2511BC947DFE21EC /* Pods_CI2GoUITests.framework */ = {isa = PBXFileReference; explicitFileType = wrapper.framework; includeInIndex = 0; path = Pods_CI2GoUITests.framework; sourceTree = BUILT_PRODUCTS_DIR; };
		B67A0E5CEF111F67AD6EAD0B /* Pods-CI2GoTests.debug.xcconfig */ = {isa = PBXFileReference; includeInIndex = 1; lastKnownFileType = text.xcconfig; name = "Pods-CI2GoTests.debug.xcconfig"; path = "Pods/Target Support Files/Pods-CI2GoTests/Pods-CI2GoTests.debug.xcconfig"; sourceTree = "<group>"; };
		B7D6072ADC0F2500C38A244B /* Pods-CI2GoUITests.debug.xcconfig */ = {isa = PBXFileReference; includeInIndex = 1; lastKnownFileType = text.xcconfig; name = "Pods-CI2GoUITests.debug.xcconfig"; path = "Pods/Target Support Files/Pods-CI2GoUITests/Pods-CI2GoUITests.debug.xcconfig"; sourceTree = "<group>"; };
		ED094CFDAE755C3F02744FB2 /* Pods-CI2GoTests.release.xcconfig */ = {isa = PBXFileReference; includeInIndex = 1; lastKnownFileType = text.xcconfig; name = "Pods-CI2GoTests.release.xcconfig"; path = "Pods/Target Support Files/Pods-CI2GoTests/Pods-CI2GoTests.release.xcconfig"; sourceTree = "<group>"; };
		FE4D0FE49E47DF96D9743853 /* Pods_CI2Go.framework */ = {isa = PBXFileReference; explicitFileType = wrapper.framework; includeInIndex = 0; path = Pods_CI2Go.framework; sourceTree = BUILT_PRODUCTS_DIR; };
/* End PBXFileReference section */

/* Begin PBXFrameworksBuildPhase section */
		85A155111FBB5AAE0046ADD4 /* Frameworks */ = {
			isa = PBXFrameworksBuildPhase;
			buildActionMask = 2147483647;
			files = (
				0AE87111E9B15EBEBD27E918 /* Pods_CI2Go.framework in Frameworks */,
			);
			runOnlyForDeploymentPostprocessing = 0;
		};
		85A155281FBB5AAE0046ADD4 /* Frameworks */ = {
			isa = PBXFrameworksBuildPhase;
			buildActionMask = 2147483647;
			files = (
				C2C161B3E1D646156B45BB38 /* Pods_CI2GoTests.framework in Frameworks */,
			);
			runOnlyForDeploymentPostprocessing = 0;
		};
		85A155331FBB5AAE0046ADD4 /* Frameworks */ = {
			isa = PBXFrameworksBuildPhase;
			buildActionMask = 2147483647;
			files = (
				70FCAC8244150466D601AE44 /* Pods_CI2GoUITests.framework in Frameworks */,
			);
			runOnlyForDeploymentPostprocessing = 0;
		};
/* End PBXFrameworksBuildPhase section */

/* Begin PBXGroup section */
		32ECB987307087B4736E3458 /* Pods */ = {
			isa = PBXGroup;
			children = (
				2491571BF5B3BF7CB6C9005C /* Pods-CI2Go.debug.xcconfig */,
				56DE9DFF1DCCB6AC13ADD849 /* Pods-CI2Go.release.xcconfig */,
				B67A0E5CEF111F67AD6EAD0B /* Pods-CI2GoTests.debug.xcconfig */,
				ED094CFDAE755C3F02744FB2 /* Pods-CI2GoTests.release.xcconfig */,
				B7D6072ADC0F2500C38A244B /* Pods-CI2GoUITests.debug.xcconfig */,
				753B115F1CF21E70CE3BD945 /* Pods-CI2GoUITests.release.xcconfig */,
			);
			name = Pods;
			sourceTree = "<group>";
		};
		843174C9E5D3B1E83BB76CAE /* Frameworks */ = {
			isa = PBXGroup;
			children = (
				FE4D0FE49E47DF96D9743853 /* Pods_CI2Go.framework */,
				7B01AFBD788E84D2ACA15F6A /* Pods_CI2GoTests.framework */,
				8CEED48C2511BC947DFE21EC /* Pods_CI2GoUITests.framework */,
			);
			name = Frameworks;
			sourceTree = "<group>";
		};
		85A1550B1FBB5AAE0046ADD4 = {
			isa = PBXGroup;
			children = (
				85A155161FBB5AAE0046ADD4 /* CI2Go */,
				85A1552E1FBB5AAE0046ADD4 /* CI2GoTests */,
				85A155391FBB5AAE0046ADD4 /* CI2GoUITests */,
				85A155151FBB5AAE0046ADD4 /* Products */,
				32ECB987307087B4736E3458 /* Pods */,
				843174C9E5D3B1E83BB76CAE /* Frameworks */,
			);
			sourceTree = "<group>";
		};
		85A155151FBB5AAE0046ADD4 /* Products */ = {
			isa = PBXGroup;
			children = (
				85A155141FBB5AAE0046ADD4 /* CI2Go.app */,
				85A1552B1FBB5AAE0046ADD4 /* CI2GoTests.xctest */,
				85A155361FBB5AAE0046ADD4 /* CI2GoUITests.xctest */,
			);
			name = Products;
			sourceTree = "<group>";
		};
		85A155161FBB5AAE0046ADD4 /* CI2Go */ = {
			isa = PBXGroup;
			children = (
				85A155171FBB5AAE0046ADD4 /* AppDelegate.swift */,
				85A155191FBB5AAE0046ADD4 /* ViewController.swift */,
				85A1551B1FBB5AAE0046ADD4 /* Main.storyboard */,
				85A155211FBB5AAE0046ADD4 /* Assets.xcassets */,
				85A155231FBB5AAE0046ADD4 /* LaunchScreen.storyboard */,
				85A155261FBB5AAE0046ADD4 /* Info.plist */,
				85A1551E1FBB5AAE0046ADD4 /* CI2Go.xcdatamodeld */,
			);
			path = CI2Go;
			sourceTree = "<group>";
		};
		85A1552E1FBB5AAE0046ADD4 /* CI2GoTests */ = {
			isa = PBXGroup;
			children = (
				85A1552F1FBB5AAE0046ADD4 /* CI2GoTests.swift */,
				85A155311FBB5AAE0046ADD4 /* Info.plist */,
			);
			path = CI2GoTests;
			sourceTree = "<group>";
		};
		85A155391FBB5AAE0046ADD4 /* CI2GoUITests */ = {
			isa = PBXGroup;
			children = (
				85A1553A1FBB5AAE0046ADD4 /* CI2GoUITests.swift */,
				85A1553C1FBB5AAE0046ADD4 /* Info.plist */,
			);
			path = CI2GoUITests;
			sourceTree = "<group>";
		};
/* End PBXGroup section */

/* Begin PBXNativeTarget section */
		85A155131FBB5AAE0046ADD4 /* CI2Go */ = {
			isa = PBXNativeTarget;
			buildConfigurationList = 85A1553F1FBB5AAE0046ADD4 /* Build configuration list for PBXNativeTarget "CI2Go" */;
			buildPhases = (
				0B8EA56DD438900DF5AC914C /* [CP] Check Pods Manifest.lock */,
				85A155101FBB5AAE0046ADD4 /* Sources */,
				85A155111FBB5AAE0046ADD4 /* Frameworks */,
				85A155121FBB5AAE0046ADD4 /* Resources */,
				94C60A928BB6B7AE9BDC0966 /* [CP] Embed Pods Frameworks */,
				6EFB77640ABA92DB419C9793 /* [CP] Copy Pods Resources */,
			);
			buildRules = (
			);
			dependencies = (
			);
			name = CI2Go;
			productName = CI2Go;
			productReference = 85A155141FBB5AAE0046ADD4 /* CI2Go.app */;
			productType = "com.apple.product-type.application";
		};
		85A1552A1FBB5AAE0046ADD4 /* CI2GoTests */ = {
			isa = PBXNativeTarget;
			buildConfigurationList = 85A155421FBB5AAE0046ADD4 /* Build configuration list for PBXNativeTarget "CI2GoTests" */;
			buildPhases = (
				AF3A54F2795B0B3CF5BE3BE5 /* [CP] Check Pods Manifest.lock */,
				85A155271FBB5AAE0046ADD4 /* Sources */,
				85A155281FBB5AAE0046ADD4 /* Frameworks */,
				85A155291FBB5AAE0046ADD4 /* Resources */,
				96FFC7821B8EC7E3A1C95BD6 /* [CP] Embed Pods Frameworks */,
				CFB76AE33E72396A2ECACB6C /* [CP] Copy Pods Resources */,
			);
			buildRules = (
			);
			dependencies = (
				85A1552D1FBB5AAE0046ADD4 /* PBXTargetDependency */,
			);
			name = CI2GoTests;
			productName = CI2GoTests;
			productReference = 85A1552B1FBB5AAE0046ADD4 /* CI2GoTests.xctest */;
			productType = "com.apple.product-type.bundle.unit-test";
		};
		85A155351FBB5AAE0046ADD4 /* CI2GoUITests */ = {
			isa = PBXNativeTarget;
			buildConfigurationList = 85A155451FBB5AAE0046ADD4 /* Build configuration list for PBXNativeTarget "CI2GoUITests" */;
			buildPhases = (
				A657D8E7C3457EB4B1F94B1D /* [CP] Check Pods Manifest.lock */,
				85A155321FBB5AAE0046ADD4 /* Sources */,
				85A155331FBB5AAE0046ADD4 /* Frameworks */,
				85A155341FBB5AAE0046ADD4 /* Resources */,
				E9267654973AB38E9964CD2A /* [CP] Embed Pods Frameworks */,
				47BAF7B0B92AC4EFD5948AF9 /* [CP] Copy Pods Resources */,
			);
			buildRules = (
			);
			dependencies = (
				85A155381FBB5AAE0046ADD4 /* PBXTargetDependency */,
			);
			name = CI2GoUITests;
			productName = CI2GoUITests;
			productReference = 85A155361FBB5AAE0046ADD4 /* CI2GoUITests.xctest */;
			productType = "com.apple.product-type.bundle.ui-testing";
		};
/* End PBXNativeTarget section */

/* Begin PBXProject section */
		85A1550C1FBB5AAE0046ADD4 /* Project object */ = {
			isa = PBXProject;
			attributes = {
				LastSwiftUpdateCheck = 0910;
				LastUpgradeCheck = 0910;
				ORGANIZATIONNAME = "LittleApps Inc.";
				TargetAttributes = {
					85A155131FBB5AAE0046ADD4 = {
						CreatedOnToolsVersion = 9.1;
						ProvisioningStyle = Automatic;
					};
					85A1552A1FBB5AAE0046ADD4 = {
						CreatedOnToolsVersion = 9.1;
						ProvisioningStyle = Automatic;
						TestTargetID = 85A155131FBB5AAE0046ADD4;
					};
					85A155351FBB5AAE0046ADD4 = {
						CreatedOnToolsVersion = 9.1;
						ProvisioningStyle = Automatic;
						TestTargetID = 85A155131FBB5AAE0046ADD4;
					};
				};
			};
			buildConfigurationList = 85A1550F1FBB5AAE0046ADD4 /* Build configuration list for PBXProject "CI2Go" */;
			compatibilityVersion = "Xcode 8.0";
			developmentRegion = en;
			hasScannedForEncodings = 0;
			knownRegions = (
				en,
				Base,
			);
			mainGroup = 85A1550B1FBB5AAE0046ADD4;
			productRefGroup = 85A155151FBB5AAE0046ADD4 /* Products */;
			projectDirPath = "";
			projectRoot = "";
			targets = (
				85A155131FBB5AAE0046ADD4 /* CI2Go */,
				85A1552A1FBB5AAE0046ADD4 /* CI2GoTests */,
				85A155351FBB5AAE0046ADD4 /* CI2GoUITests */,
			);
		};
/* End PBXProject section */

/* Begin PBXResourcesBuildPhase section */
		85A155121FBB5AAE0046ADD4 /* Resources */ = {
			isa = PBXResourcesBuildPhase;
			buildActionMask = 2147483647;
			files = (
				85A155251FBB5AAE0046ADD4 /* LaunchScreen.storyboard in Resources */,
				85A155221FBB5AAE0046ADD4 /* Assets.xcassets in Resources */,
				85A1551D1FBB5AAE0046ADD4 /* Main.storyboard in Resources */,
			);
			runOnlyForDeploymentPostprocessing = 0;
		};
		85A155291FBB5AAE0046ADD4 /* Resources */ = {
			isa = PBXResourcesBuildPhase;
			buildActionMask = 2147483647;
			files = (
			);
			runOnlyForDeploymentPostprocessing = 0;
		};
		85A155341FBB5AAE0046ADD4 /* Resources */ = {
			isa = PBXResourcesBuildPhase;
			buildActionMask = 2147483647;
			files = (
			);
			runOnlyForDeploymentPostprocessing = 0;
		};
/* End PBXResourcesBuildPhase section */

/* Begin PBXShellScriptBuildPhase section */
		0B8EA56DD438900DF5AC914C /* [CP] Check Pods Manifest.lock */ = {
			isa = PBXShellScriptBuildPhase;
			buildActionMask = 2147483647;
			files = (
			);
			inputPaths = (
				"${PODS_PODFILE_DIR_PATH}/Podfile.lock",
				"${PODS_ROOT}/Manifest.lock",
			);
			name = "[CP] Check Pods Manifest.lock";
			outputPaths = (
				"$(DERIVED_FILE_DIR)/Pods-CI2Go-checkManifestLockResult.txt",
			);
			runOnlyForDeploymentPostprocessing = 0;
			shellPath = /bin/sh;
			shellScript = "diff \"${PODS_PODFILE_DIR_PATH}/Podfile.lock\" \"${PODS_ROOT}/Manifest.lock\" > /dev/null\nif [ $? != 0 ] ; then\n    # print error to STDERR\n    echo \"error: The sandbox is not in sync with the Podfile.lock. Run 'pod install' or update your CocoaPods installation.\" >&2\n    exit 1\nfi\n# This output is used by Xcode 'outputs' to avoid re-running this script phase.\necho \"SUCCESS\" > \"${SCRIPT_OUTPUT_FILE_0}\"\n";
			showEnvVarsInLog = 0;
		};
		47BAF7B0B92AC4EFD5948AF9 /* [CP] Copy Pods Resources */ = {
			isa = PBXShellScriptBuildPhase;
			buildActionMask = 2147483647;
			files = (
			);
			inputPaths = (
			);
			name = "[CP] Copy Pods Resources";
			outputPaths = (
			);
			runOnlyForDeploymentPostprocessing = 0;
			shellPath = /bin/sh;
			shellScript = "\"${SRCROOT}/Pods/Target Support Files/Pods-CI2GoUITests/Pods-CI2GoUITests-resources.sh\"\n";
			showEnvVarsInLog = 0;
		};
		6EFB77640ABA92DB419C9793 /* [CP] Copy Pods Resources */ = {
			isa = PBXShellScriptBuildPhase;
			buildActionMask = 2147483647;
			files = (
			);
			inputPaths = (
			);
			name = "[CP] Copy Pods Resources";
			outputPaths = (
			);
			runOnlyForDeploymentPostprocessing = 0;
			shellPath = /bin/sh;
			shellScript = "\"${SRCROOT}/Pods/Target Support Files/Pods-CI2Go/Pods-CI2Go-resources.sh\"\n";
			showEnvVarsInLog = 0;
		};
		94C60A928BB6B7AE9BDC0966 /* [CP] Embed Pods Frameworks */ = {
			isa = PBXShellScriptBuildPhase;
			buildActionMask = 2147483647;
			files = (
			);
			inputPaths = (
			);
			name = "[CP] Embed Pods Frameworks";
			outputPaths = (
			);
			runOnlyForDeploymentPostprocessing = 0;
			shellPath = /bin/sh;
			shellScript = "\"${SRCROOT}/Pods/Target Support Files/Pods-CI2Go/Pods-CI2Go-frameworks.sh\"\n";
			showEnvVarsInLog = 0;
		};
		96FFC7821B8EC7E3A1C95BD6 /* [CP] Embed Pods Frameworks */ = {
			isa = PBXShellScriptBuildPhase;
			buildActionMask = 2147483647;
			files = (
			);
			inputPaths = (
			);
			name = "[CP] Embed Pods Frameworks";
			outputPaths = (
			);
			runOnlyForDeploymentPostprocessing = 0;
			shellPath = /bin/sh;
			shellScript = "\"${SRCROOT}/Pods/Target Support Files/Pods-CI2GoTests/Pods-CI2GoTests-frameworks.sh\"\n";
			showEnvVarsInLog = 0;
		};
		A657D8E7C3457EB4B1F94B1D /* [CP] Check Pods Manifest.lock */ = {
			isa = PBXShellScriptBuildPhase;
			buildActionMask = 2147483647;
			files = (
			);
			inputPaths = (
				"${PODS_PODFILE_DIR_PATH}/Podfile.lock",
				"${PODS_ROOT}/Manifest.lock",
			);
			name = "[CP] Check Pods Manifest.lock";
			outputPaths = (
				"$(DERIVED_FILE_DIR)/Pods-CI2GoUITests-checkManifestLockResult.txt",
			);
			runOnlyForDeploymentPostprocessing = 0;
			shellPath = /bin/sh;
			shellScript = "diff \"${PODS_PODFILE_DIR_PATH}/Podfile.lock\" \"${PODS_ROOT}/Manifest.lock\" > /dev/null\nif [ $? != 0 ] ; then\n    # print error to STDERR\n    echo \"error: The sandbox is not in sync with the Podfile.lock. Run 'pod install' or update your CocoaPods installation.\" >&2\n    exit 1\nfi\n# This output is used by Xcode 'outputs' to avoid re-running this script phase.\necho \"SUCCESS\" > \"${SCRIPT_OUTPUT_FILE_0}\"\n";
			showEnvVarsInLog = 0;
		};
		AF3A54F2795B0B3CF5BE3BE5 /* [CP] Check Pods Manifest.lock */ = {
			isa = PBXShellScriptBuildPhase;
			buildActionMask = 2147483647;
			files = (
			);
			inputPaths = (
				"${PODS_PODFILE_DIR_PATH}/Podfile.lock",
				"${PODS_ROOT}/Manifest.lock",
			);
			name = "[CP] Check Pods Manifest.lock";
			outputPaths = (
				"$(DERIVED_FILE_DIR)/Pods-CI2GoTests-checkManifestLockResult.txt",
			);
			runOnlyForDeploymentPostprocessing = 0;
			shellPath = /bin/sh;
			shellScript = "diff \"${PODS_PODFILE_DIR_PATH}/Podfile.lock\" \"${PODS_ROOT}/Manifest.lock\" > /dev/null\nif [ $? != 0 ] ; then\n    # print error to STDERR\n    echo \"error: The sandbox is not in sync with the Podfile.lock. Run 'pod install' or update your CocoaPods installation.\" >&2\n    exit 1\nfi\n# This output is used by Xcode 'outputs' to avoid re-running this script phase.\necho \"SUCCESS\" > \"${SCRIPT_OUTPUT_FILE_0}\"\n";
			showEnvVarsInLog = 0;
		};
		CFB76AE33E72396A2ECACB6C /* [CP] Copy Pods Resources */ = {
			isa = PBXShellScriptBuildPhase;
			buildActionMask = 2147483647;
			files = (
			);
			inputPaths = (
			);
			name = "[CP] Copy Pods Resources";
			outputPaths = (
			);
			runOnlyForDeploymentPostprocessing = 0;
			shellPath = /bin/sh;
			shellScript = "\"${SRCROOT}/Pods/Target Support Files/Pods-CI2GoTests/Pods-CI2GoTests-resources.sh\"\n";
			showEnvVarsInLog = 0;
		};
		E9267654973AB38E9964CD2A /* [CP] Embed Pods Frameworks */ = {
			isa = PBXShellScriptBuildPhase;
			buildActionMask = 2147483647;
			files = (
			);
			inputPaths = (
			);
			name = "[CP] Embed Pods Frameworks";
			outputPaths = (
			);
			runOnlyForDeploymentPostprocessing = 0;
			shellPath = /bin/sh;
			shellScript = "\"${SRCROOT}/Pods/Target Support Files/Pods-CI2GoUITests/Pods-CI2GoUITests-frameworks.sh\"\n";
			showEnvVarsInLog = 0;
		};
/* End PBXShellScriptBuildPhase section */

/* Begin PBXSourcesBuildPhase section */
		85A155101FBB5AAE0046ADD4 /* Sources */ = {
			isa = PBXSourcesBuildPhase;
			buildActionMask = 2147483647;
			files = (
				85A155201FBB5AAE0046ADD4 /* CI2Go.xcdatamodeld in Sources */,
				85A1551A1FBB5AAE0046ADD4 /* ViewController.swift in Sources */,
				85A155181FBB5AAE0046ADD4 /* AppDelegate.swift in Sources */,
			);
			runOnlyForDeploymentPostprocessing = 0;
		};
		85A155271FBB5AAE0046ADD4 /* Sources */ = {
			isa = PBXSourcesBuildPhase;
			buildActionMask = 2147483647;
			files = (
				85A155301FBB5AAE0046ADD4 /* CI2GoTests.swift in Sources */,
			);
			runOnlyForDeploymentPostprocessing = 0;
		};
		85A155321FBB5AAE0046ADD4 /* Sources */ = {
			isa = PBXSourcesBuildPhase;
			buildActionMask = 2147483647;
			files = (
				85A1553B1FBB5AAE0046ADD4 /* CI2GoUITests.swift in Sources */,
			);
			runOnlyForDeploymentPostprocessing = 0;
		};
/* End PBXSourcesBuildPhase section */

/* Begin PBXTargetDependency section */
		85A1552D1FBB5AAE0046ADD4 /* PBXTargetDependency */ = {
			isa = PBXTargetDependency;
			target = 85A155131FBB5AAE0046ADD4 /* CI2Go */;
			targetProxy = 85A1552C1FBB5AAE0046ADD4 /* PBXContainerItemProxy */;
		};
		85A155381FBB5AAE0046ADD4 /* PBXTargetDependency */ = {
			isa = PBXTargetDependency;
			target = 85A155131FBB5AAE0046ADD4 /* CI2Go */;
			targetProxy = 85A155371FBB5AAE0046ADD4 /* PBXContainerItemProxy */;
		};
/* End PBXTargetDependency section */

/* Begin PBXVariantGroup section */
		85A1551B1FBB5AAE0046ADD4 /* Main.storyboard */ = {
			isa = PBXVariantGroup;
			children = (
				85A1551C1FBB5AAE0046ADD4 /* Base */,
			);
			name = Main.storyboard;
			sourceTree = "<group>";
		};
		85A155231FBB5AAE0046ADD4 /* LaunchScreen.storyboard */ = {
			isa = PBXVariantGroup;
			children = (
				85A155241FBB5AAE0046ADD4 /* Base */,
			);
			name = LaunchScreen.storyboard;
			sourceTree = "<group>";
		};
/* End PBXVariantGroup section */

/* Begin XCBuildConfiguration section */
		85A1553D1FBB5AAE0046ADD4 /* Debug */ = {
			isa = XCBuildConfiguration;
			buildSettings = {
				ALWAYS_SEARCH_USER_PATHS = NO;
				CLANG_ANALYZER_NONNULL = YES;
				CLANG_ANALYZER_NUMBER_OBJECT_CONVERSION = YES_AGGRESSIVE;
				CLANG_CXX_LANGUAGE_STANDARD = "gnu++14";
				CLANG_CXX_LIBRARY = "libc++";
				CLANG_ENABLE_MODULES = YES;
				CLANG_ENABLE_OBJC_ARC = YES;
				CLANG_WARN_BLOCK_CAPTURE_AUTORELEASING = YES;
				CLANG_WARN_BOOL_CONVERSION = YES;
				CLANG_WARN_COMMA = YES;
				CLANG_WARN_CONSTANT_CONVERSION = YES;
				CLANG_WARN_DIRECT_OBJC_ISA_USAGE = YES_ERROR;
				CLANG_WARN_DOCUMENTATION_COMMENTS = YES;
				CLANG_WARN_EMPTY_BODY = YES;
				CLANG_WARN_ENUM_CONVERSION = YES;
				CLANG_WARN_INFINITE_RECURSION = YES;
				CLANG_WARN_INT_CONVERSION = YES;
				CLANG_WARN_NON_LITERAL_NULL_CONVERSION = YES;
				CLANG_WARN_OBJC_LITERAL_CONVERSION = YES;
				CLANG_WARN_OBJC_ROOT_CLASS = YES_ERROR;
				CLANG_WARN_RANGE_LOOP_ANALYSIS = YES;
				CLANG_WARN_STRICT_PROTOTYPES = YES;
				CLANG_WARN_SUSPICIOUS_MOVE = YES;
				CLANG_WARN_UNGUARDED_AVAILABILITY = YES_AGGRESSIVE;
				CLANG_WARN_UNREACHABLE_CODE = YES;
				CLANG_WARN__DUPLICATE_METHOD_MATCH = YES;
				CODE_SIGN_IDENTITY = "iPhone Developer";
				COPY_PHASE_STRIP = NO;
				DEBUG_INFORMATION_FORMAT = dwarf;
				ENABLE_STRICT_OBJC_MSGSEND = YES;
				ENABLE_TESTABILITY = YES;
				GCC_C_LANGUAGE_STANDARD = gnu11;
				GCC_DYNAMIC_NO_PIC = NO;
				GCC_NO_COMMON_BLOCKS = YES;
				GCC_OPTIMIZATION_LEVEL = 0;
				GCC_PREPROCESSOR_DEFINITIONS = (
					"DEBUG=1",
					"$(inherited)",
				);
				GCC_WARN_64_TO_32_BIT_CONVERSION = YES;
				GCC_WARN_ABOUT_RETURN_TYPE = YES_ERROR;
				GCC_WARN_UNDECLARED_SELECTOR = YES;
				GCC_WARN_UNINITIALIZED_AUTOS = YES_AGGRESSIVE;
				GCC_WARN_UNUSED_FUNCTION = YES;
				GCC_WARN_UNUSED_VARIABLE = YES;
				IPHONEOS_DEPLOYMENT_TARGET = 11.1;
				MTL_ENABLE_DEBUG_INFO = YES;
				ONLY_ACTIVE_ARCH = YES;
				SDKROOT = iphoneos;
				SWIFT_ACTIVE_COMPILATION_CONDITIONS = DEBUG;
				SWIFT_OPTIMIZATION_LEVEL = "-Onone";
			};
			name = Debug;
		};
		85A1553E1FBB5AAE0046ADD4 /* Release */ = {
			isa = XCBuildConfiguration;
			buildSettings = {
				ALWAYS_SEARCH_USER_PATHS = NO;
				CLANG_ANALYZER_NONNULL = YES;
				CLANG_ANALYZER_NUMBER_OBJECT_CONVERSION = YES_AGGRESSIVE;
				CLANG_CXX_LANGUAGE_STANDARD = "gnu++14";
				CLANG_CXX_LIBRARY = "libc++";
				CLANG_ENABLE_MODULES = YES;
				CLANG_ENABLE_OBJC_ARC = YES;
				CLANG_WARN_BLOCK_CAPTURE_AUTORELEASING = YES;
				CLANG_WARN_BOOL_CONVERSION = YES;
				CLANG_WARN_COMMA = YES;
				CLANG_WARN_CONSTANT_CONVERSION = YES;
				CLANG_WARN_DIRECT_OBJC_ISA_USAGE = YES_ERROR;
				CLANG_WARN_DOCUMENTATION_COMMENTS = YES;
				CLANG_WARN_EMPTY_BODY = YES;
				CLANG_WARN_ENUM_CONVERSION = YES;
				CLANG_WARN_INFINITE_RECURSION = YES;
				CLANG_WARN_INT_CONVERSION = YES;
				CLANG_WARN_NON_LITERAL_NULL_CONVERSION = YES;
				CLANG_WARN_OBJC_LITERAL_CONVERSION = YES;
				CLANG_WARN_OBJC_ROOT_CLASS = YES_ERROR;
				CLANG_WARN_RANGE_LOOP_ANALYSIS = YES;
				CLANG_WARN_STRICT_PROTOTYPES = YES;
				CLANG_WARN_SUSPICIOUS_MOVE = YES;
				CLANG_WARN_UNGUARDED_AVAILABILITY = YES_AGGRESSIVE;
				CLANG_WARN_UNREACHABLE_CODE = YES;
				CLANG_WARN__DUPLICATE_METHOD_MATCH = YES;
				CODE_SIGN_IDENTITY = "iPhone Developer";
				COPY_PHASE_STRIP = NO;
				DEBUG_INFORMATION_FORMAT = "dwarf-with-dsym";
				ENABLE_NS_ASSERTIONS = NO;
				ENABLE_STRICT_OBJC_MSGSEND = YES;
				GCC_C_LANGUAGE_STANDARD = gnu11;
				GCC_NO_COMMON_BLOCKS = YES;
				GCC_WARN_64_TO_32_BIT_CONVERSION = YES;
				GCC_WARN_ABOUT_RETURN_TYPE = YES_ERROR;
				GCC_WARN_UNDECLARED_SELECTOR = YES;
				GCC_WARN_UNINITIALIZED_AUTOS = YES_AGGRESSIVE;
				GCC_WARN_UNUSED_FUNCTION = YES;
				GCC_WARN_UNUSED_VARIABLE = YES;
				IPHONEOS_DEPLOYMENT_TARGET = 11.1;
				MTL_ENABLE_DEBUG_INFO = NO;
				SDKROOT = iphoneos;
				SWIFT_OPTIMIZATION_LEVEL = "-Owholemodule";
				VALIDATE_PRODUCT = YES;
			};
			name = Release;
		};
		85A155401FBB5AAE0046ADD4 /* Debug */ = {
			isa = XCBuildConfiguration;
			baseConfigurationReference = 2491571BF5B3BF7CB6C9005C /* Pods-CI2Go.debug.xcconfig */;
			buildSettings = {
				ASSETCATALOG_COMPILER_APPICON_NAME = AppIcon;
				CODE_SIGN_STYLE = Automatic;
				DEVELOPMENT_TEAM = 3Y8APYUG2G;
				INFOPLIST_FILE = CI2Go/Info.plist;
				LD_RUNPATH_SEARCH_PATHS = "$(inherited) @executable_path/Frameworks";
				PRODUCT_BUNDLE_IDENTIFIER = com.ci2go.ios.Circle;
				PRODUCT_NAME = "$(TARGET_NAME)";
				SWIFT_VERSION = 4.0;
				TARGETED_DEVICE_FAMILY = "1,2";
			};
			name = Debug;
		};
		85A155411FBB5AAE0046ADD4 /* Release */ = {
			isa = XCBuildConfiguration;
			baseConfigurationReference = 56DE9DFF1DCCB6AC13ADD849 /* Pods-CI2Go.release.xcconfig */;
			buildSettings = {
				ASSETCATALOG_COMPILER_APPICON_NAME = AppIcon;
				CODE_SIGN_STYLE = Automatic;
				DEVELOPMENT_TEAM = 3Y8APYUG2G;
				INFOPLIST_FILE = CI2Go/Info.plist;
				LD_RUNPATH_SEARCH_PATHS = "$(inherited) @executable_path/Frameworks";
				PRODUCT_BUNDLE_IDENTIFIER = com.ci2go.ios.Circle;
				PRODUCT_NAME = "$(TARGET_NAME)";
				SWIFT_VERSION = 4.0;
				TARGETED_DEVICE_FAMILY = "1,2";
			};
			name = Release;
		};
		85A155431FBB5AAE0046ADD4 /* Debug */ = {
			isa = XCBuildConfiguration;
			baseConfigurationReference = B67A0E5CEF111F67AD6EAD0B /* Pods-CI2GoTests.debug.xcconfig */;
			buildSettings = {
				ALWAYS_EMBED_SWIFT_STANDARD_LIBRARIES = YES;
				BUNDLE_LOADER = "$(TEST_HOST)";
				CODE_SIGN_STYLE = Automatic;
				DEVELOPMENT_TEAM = 3Y8APYUG2G;
				INFOPLIST_FILE = CI2GoTests/Info.plist;
				LD_RUNPATH_SEARCH_PATHS = "$(inherited) @executable_path/Frameworks @loader_path/Frameworks";
				PRODUCT_BUNDLE_IDENTIFIER = com.ci2go.ios.CI2GoTests;
				PRODUCT_NAME = "$(TARGET_NAME)";
				SWIFT_VERSION = 4.0;
				TARGETED_DEVICE_FAMILY = "1,2";
				TEST_HOST = "$(BUILT_PRODUCTS_DIR)/CI2Go.app/CI2Go";
			};
			name = Debug;
		};
		85A155441FBB5AAE0046ADD4 /* Release */ = {
			isa = XCBuildConfiguration;
			baseConfigurationReference = ED094CFDAE755C3F02744FB2 /* Pods-CI2GoTests.release.xcconfig */;
			buildSettings = {
				ALWAYS_EMBED_SWIFT_STANDARD_LIBRARIES = YES;
				BUNDLE_LOADER = "$(TEST_HOST)";
				CODE_SIGN_STYLE = Automatic;
				DEVELOPMENT_TEAM = 3Y8APYUG2G;
				INFOPLIST_FILE = CI2GoTests/Info.plist;
				LD_RUNPATH_SEARCH_PATHS = "$(inherited) @executable_path/Frameworks @loader_path/Frameworks";
				PRODUCT_BUNDLE_IDENTIFIER = com.ci2go.ios.CI2GoTests;
				PRODUCT_NAME = "$(TARGET_NAME)";
				SWIFT_VERSION = 4.0;
				TARGETED_DEVICE_FAMILY = "1,2";
				TEST_HOST = "$(BUILT_PRODUCTS_DIR)/CI2Go.app/CI2Go";
			};
			name = Release;
		};
		85A155461FBB5AAE0046ADD4 /* Debug */ = {
			isa = XCBuildConfiguration;
			baseConfigurationReference = B7D6072ADC0F2500C38A244B /* Pods-CI2GoUITests.debug.xcconfig */;
			buildSettings = {
				ALWAYS_EMBED_SWIFT_STANDARD_LIBRARIES = YES;
				CODE_SIGN_STYLE = Automatic;
				DEVELOPMENT_TEAM = 3Y8APYUG2G;
				INFOPLIST_FILE = CI2GoUITests/Info.plist;
				LD_RUNPATH_SEARCH_PATHS = "$(inherited) @executable_path/Frameworks @loader_path/Frameworks";
				PRODUCT_BUNDLE_IDENTIFIER = com.ci2go.ios.CI2GoUITests;
				PRODUCT_NAME = "$(TARGET_NAME)";
				SWIFT_VERSION = 4.0;
				TARGETED_DEVICE_FAMILY = "1,2";
				TEST_TARGET_NAME = CI2Go;
			};
			name = Debug;
		};
		85A155471FBB5AAE0046ADD4 /* Release */ = {
			isa = XCBuildConfiguration;
			baseConfigurationReference = 753B115F1CF21E70CE3BD945 /* Pods-CI2GoUITests.release.xcconfig */;
			buildSettings = {
				ALWAYS_EMBED_SWIFT_STANDARD_LIBRARIES = YES;
				CODE_SIGN_STYLE = Automatic;
				DEVELOPMENT_TEAM = 3Y8APYUG2G;
				INFOPLIST_FILE = CI2GoUITests/Info.plist;
				LD_RUNPATH_SEARCH_PATHS = "$(inherited) @executable_path/Frameworks @loader_path/Frameworks";
				PRODUCT_BUNDLE_IDENTIFIER = com.ci2go.ios.CI2GoUITests;
				PRODUCT_NAME = "$(TARGET_NAME)";
				SWIFT_VERSION = 4.0;
				TARGETED_DEVICE_FAMILY = "1,2";
				TEST_TARGET_NAME = CI2Go;
			};
			name = Release;
		};
/* End XCBuildConfiguration section */

/* Begin XCConfigurationList section */
		85A1550F1FBB5AAE0046ADD4 /* Build configuration list for PBXProject "CI2Go" */ = {
			isa = XCConfigurationList;
			buildConfigurations = (
				85A1553D1FBB5AAE0046ADD4 /* Debug */,
				85A1553E1FBB5AAE0046ADD4 /* Release */,
			);
			defaultConfigurationIsVisible = 0;
			defaultConfigurationName = Release;
		};
		85A1553F1FBB5AAE0046ADD4 /* Build configuration list for PBXNativeTarget "CI2Go" */ = {
			isa = XCConfigurationList;
			buildConfigurations = (
				85A155401FBB5AAE0046ADD4 /* Debug */,
				85A155411FBB5AAE0046ADD4 /* Release */,
			);
			defaultConfigurationIsVisible = 0;
			defaultConfigurationName = Release;
		};
		85A155421FBB5AAE0046ADD4 /* Build configuration list for PBXNativeTarget "CI2GoTests" */ = {
			isa = XCConfigurationList;
			buildConfigurations = (
				85A155431FBB5AAE0046ADD4 /* Debug */,
				85A155441FBB5AAE0046ADD4 /* Release */,
			);
			defaultConfigurationIsVisible = 0;
			defaultConfigurationName = Release;
		};
		85A155451FBB5AAE0046ADD4 /* Build configuration list for PBXNativeTarget "CI2GoUITests" */ = {
			isa = XCConfigurationList;
			buildConfigurations = (
				85A155461FBB5AAE0046ADD4 /* Debug */,
				85A155471FBB5AAE0046ADD4 /* Release */,
			);
			defaultConfigurationIsVisible = 0;
			defaultConfigurationName = Release;
		};
/* End XCConfigurationList section */

/* Begin XCVersionGroup section */
		85A1551E1FBB5AAE0046ADD4 /* CI2Go.xcdatamodeld */ = {
			isa = XCVersionGroup;
			children = (
				85A1551F1FBB5AAE0046ADD4 /* CI2Go.xcdatamodel */,
			);
			currentVersion = 85A1551F1FBB5AAE0046ADD4 /* CI2Go.xcdatamodel */;
			path = CI2Go.xcdatamodeld;
			sourceTree = "<group>";
			versionGroupType = wrapper.xcdatamodel;
		};
/* End XCVersionGroup section */
	};
	rootObject = 85A1550C1FBB5AAE0046ADD4 /* Project object */;
}
